Microsoft Visual Studio Solution File, Format Version 9.00
# Visual Studio 2005
Project("{FAE04EC0-301F-11D3-BF4B-00C04F79EFBC}") = "ECGViewer-2K5", "ECGViewer-2K5.csproj", "{D8D759ED-6BAC-46DF-A6D2-ADEB59049451}"
EndProject
Project("{FAE04EC0-301F-11D3-BF4B-00C04F79EFBC}") = "ECGConversion-2K5", "..\..\libs\ECGConversion\ECGConversion\ECGConversion-2K5.csproj", "{663357A3-FC3A-4E55-8CEB-711D81CF88DB}"
EndProject
Global
	GlobalSection(SolutionConfigurationPlatforms) = preSolution
		Debug-2K5|Any CPU = Debug-2K5|Any CPU
		Release-2K5|Any CPU = Release-2K5|Any CPU
	EndGlobalSection
	GlobalSection(ProjectConfigurationPlatforms) = postSolution
		{D8D759ED-6BAC-46DF-A6D2-ADEB59049451}.Debug-2K5|Any CPU.ActiveCfg = Debug-2K5|Any CPU
		{D8D759ED-6BAC-46DF-A6D2-ADEB59049451}.Debug-2K5|Any CPU.Build.0 = Debug-2K5|Any CPU
		{D8D759ED-6BAC-46DF-A6D2-ADEB59049451}.Release-2K5|Any CPU.ActiveCfg = Release-2K5|Any CPU
		{D8D759ED-6BAC-46DF-A6D2-ADEB59049451}.Release-2K5|Any CPU.Build.0 = Release-2K5|Any CPU
		{663357A3-FC3A-4E55-8CEB-711D81CF88DB}.Debug-2K5|Any CPU.ActiveCfg = Debug-2K5|Any CPU
		{663357A3-FC3A-4E55-8CEB-711D81CF88DB}.Debug-2K5|Any CPU.Build.0 = Debug-2K5|Any CPU
		{663357A3-FC3A-4E55-8CEB-711D81CF88DB}.Release-2K5|Any CPU.ActiveCfg = Release-2K5|Any CPU
		{663357A3-FC3A-4E55-8CEB-711D81CF88DB}.Release-2K5|Any CPU.Build.0 = Release-2K5|Any CPU
	EndGlobalSection
	GlobalSection(SolutionProperties) = preSolution
		HideSolutionNode = FALSE
	EndGlobalSection
EndGlobal
