Microsoft Visual Studio Solution File, Format Version 9.00
# Visual Studio 2005
Project("{54435603-DBB4-11D2-8724-00A0C9A8B90C}") = "ECGConversionToolkit-2K5", "ECGConversionToolkit-2K5.vdproj", "{8FE9B8F1-F63E-4615-8B3E-3A081B948373}"
EndProject
Project("{FAE04EC0-301F-11D3-BF4B-00C04F79EFBC}") = "ECGViewer-2K5", "..\..\apps\ECGViewer\ECGViewer-2K5.csproj", "{D8D759ED-6BAC-46DF-A6D2-ADEB59049451}"
EndProject
Project("{FAE04EC0-301F-11D3-BF4B-00C04F79EFBC}") = "PDF-2K5", "..\..\libs\ECGConversion\PDF\PDF-2K5.csproj", "{1E460D78-82AC-4C77-BBA6-823E52264573}"
EndProject
Project("{FAE04EC0-301F-11D3-BF4B-00C04F79EFBC}") = "ECGTool-2K5", "..\..\apps\ECGTool\ECGTool-2K5.csproj", "{E2D25A92-0F1D-4FB3-88DA-B5B5B1378D7E}"
EndProject
Project("{FAE04EC0-301F-11D3-BF4B-00C04F79EFBC}") = "DICOM-2K5", "..\..\libs\ECGConversion\DICOM\DICOM-2K5.csproj", "{535ADCA1-478E-419E-84FF-0E338FC13974}"
EndProject
Project("{FAE04EC0-301F-11D3-BF4B-00C04F79EFBC}") = "aECG-2K5", "..\..\libs\ECGConversion\aECG\aECG-2K5.csproj", "{0CC06503-0F64-4202-9EAA-2C01C9B6CF1D}"
EndProject
Project("{FAE04EC0-301F-11D3-BF4B-00C04F79EFBC}") = "ECGStoreSCU-2K5", "..\..\apps\ECGStoreSCU\ECGStoreSCU-2K5.csproj", "{DE888DE6-5171-4341-B8A3-719A6F6DBEAF}"
EndProject
Project("{FAE04EC0-301F-11D3-BF4B-00C04F79EFBC}") = "ECGConversion-2K5", "..\..\libs\ECGConversion\ECGConversion\ECGConversion-2K5.csproj", "{663357A3-FC3A-4E55-8CEB-711D81CF88DB}"
EndProject
Project("{FAE04EC0-301F-11D3-BF4B-00C04F79EFBC}") = "ECGPrint-2K5", "..\..\apps\ECGPrint\ECGPrint-2K5.csproj", "{E012D54E-F361-49D3-91FE-848EBCD063AB}"
EndProject
Global
	GlobalSection(SolutionConfigurationPlatforms) = preSolution
		Debug-2K5|Default = Debug-2K5|Default
		Release-2K5|Default = Release-2K5|Default
	EndGlobalSection
	GlobalSection(ProjectConfigurationPlatforms) = postSolution
		{8FE9B8F1-F63E-4615-8B3E-3A081B948373}.Debug-2K5|Default.ActiveCfg = Debug-2K5
		{8FE9B8F1-F63E-4615-8B3E-3A081B948373}.Debug-2K5|Default.Build.0 = Debug-2K5
		{8FE9B8F1-F63E-4615-8B3E-3A081B948373}.Release-2K5|Default.ActiveCfg = Release-2K5
		{8FE9B8F1-F63E-4615-8B3E-3A081B948373}.Release-2K5|Default.Build.0 = Release-2K5
		{D8D759ED-6BAC-46DF-A6D2-ADEB59049451}.Debug-2K5|Default.ActiveCfg = Debug-2K5|Any CPU
		{D8D759ED-6BAC-46DF-A6D2-ADEB59049451}.Debug-2K5|Default.Build.0 = Debug-2K5|Any CPU
		{D8D759ED-6BAC-46DF-A6D2-ADEB59049451}.Release-2K5|Default.ActiveCfg = Release-2K5|Any CPU
		{D8D759ED-6BAC-46DF-A6D2-ADEB59049451}.Release-2K5|Default.Build.0 = Release-2K5|Any CPU
		{1E460D78-82AC-4C77-BBA6-823E52264573}.Debug-2K5|Default.ActiveCfg = Release-2K5|Any CPU
		{1E460D78-82AC-4C77-BBA6-823E52264573}.Debug-2K5|Default.Build.0 = Release-2K5|Any CPU
		{1E460D78-82AC-4C77-BBA6-823E52264573}.Release-2K5|Default.ActiveCfg = Release-2K5|Any CPU
		{1E460D78-82AC-4C77-BBA6-823E52264573}.Release-2K5|Default.Build.0 = Release-2K5|Any CPU
		{E2D25A92-0F1D-4FB3-88DA-B5B5B1378D7E}.Debug-2K5|Default.ActiveCfg = Debug-2K5|Any CPU
		{E2D25A92-0F1D-4FB3-88DA-B5B5B1378D7E}.Debug-2K5|Default.Build.0 = Debug-2K5|Any CPU
		{E2D25A92-0F1D-4FB3-88DA-B5B5B1378D7E}.Release-2K5|Default.ActiveCfg = Release-2K5|Any CPU
		{E2D25A92-0F1D-4FB3-88DA-B5B5B1378D7E}.Release-2K5|Default.Build.0 = Release-2K5|Any CPU
		{535ADCA1-478E-419E-84FF-0E338FC13974}.Debug-2K5|Default.ActiveCfg = Debug-2K5|Any CPU
		{535ADCA1-478E-419E-84FF-0E338FC13974}.Debug-2K5|Default.Build.0 = Debug-2K5|Any CPU
		{535ADCA1-478E-419E-84FF-0E338FC13974}.Release-2K5|Default.ActiveCfg = Release-2K5|Any CPU
		{535ADCA1-478E-419E-84FF-0E338FC13974}.Release-2K5|Default.Build.0 = Release-2K5|Any CPU
		{0CC06503-0F64-4202-9EAA-2C01C9B6CF1D}.Debug-2K5|Default.ActiveCfg = Debug-2K5|Any CPU
		{0CC06503-0F64-4202-9EAA-2C01C9B6CF1D}.Debug-2K5|Default.Build.0 = Debug-2K5|Any CPU
		{0CC06503-0F64-4202-9EAA-2C01C9B6CF1D}.Release-2K5|Default.ActiveCfg = Release-2K5|Any CPU
		{0CC06503-0F64-4202-9EAA-2C01C9B6CF1D}.Release-2K5|Default.Build.0 = Release-2K5|Any CPU
		{DE888DE6-5171-4341-B8A3-719A6F6DBEAF}.Debug-2K5|Default.ActiveCfg = Debug-2K5|Any CPU
		{DE888DE6-5171-4341-B8A3-719A6F6DBEAF}.Debug-2K5|Default.Build.0 = Debug-2K5|Any CPU
		{DE888DE6-5171-4341-B8A3-719A6F6DBEAF}.Release-2K5|Default.ActiveCfg = Release-2K5|Any CPU
		{DE888DE6-5171-4341-B8A3-719A6F6DBEAF}.Release-2K5|Default.Build.0 = Release-2K5|Any CPU
		{663357A3-FC3A-4E55-8CEB-711D81CF88DB}.Debug-2K5|Default.ActiveCfg = Debug-2K5|Any CPU
		{663357A3-FC3A-4E55-8CEB-711D81CF88DB}.Debug-2K5|Default.Build.0 = Debug-2K5|Any CPU
		{663357A3-FC3A-4E55-8CEB-711D81CF88DB}.Release-2K5|Default.ActiveCfg = Release-2K5|Any CPU
		{663357A3-FC3A-4E55-8CEB-711D81CF88DB}.Release-2K5|Default.Build.0 = Release-2K5|Any CPU
		{E012D54E-F361-49D3-91FE-848EBCD063AB}.Debug-2K5|Default.ActiveCfg = Debug-2K5|Any CPU
		{E012D54E-F361-49D3-91FE-848EBCD063AB}.Debug-2K5|Default.Build.0 = Debug-2K5|Any CPU
		{E012D54E-F361-49D3-91FE-848EBCD063AB}.Release-2K5|Default.ActiveCfg = Release-2K5|Any CPU
		{E012D54E-F361-49D3-91FE-848EBCD063AB}.Release-2K5|Default.Build.0 = Release-2K5|Any CPU
	EndGlobalSection
	GlobalSection(SolutionProperties) = preSolution
		HideSolutionNode = FALSE
	EndGlobalSection
EndGlobal
