Microsoft Visual Studio Solution File, Format Version 8.00
Project("{FAE04EC0-301F-11D3-BF4B-00C04F79EFBC}") = "ECGPrint", "ECGPrint.csproj", "{E012D54E-F361-49D3-91FE-848EBCD063AB}"
	ProjectSection(ProjectDependencies) = postProject
	EndProjectSection
EndProject
Project("{FAE04EC0-301F-11D3-BF4B-00C04F79EFBC}") = "ECGConversion", "..\..\libs\ECGConversion\ECGConversion\ECGConversion.csproj", "{663357A3-FC3A-4E55-8CEB-711D81CF88DB}"
	ProjectSection(ProjectDependencies) = postProject
	EndProjectSection
EndProject
Global
	GlobalSection(SolutionConfiguration) = preSolution
		Debug = Debug
		Release = Release
	EndGlobalSection
	GlobalSection(ProjectConfiguration) = postSolution
		{E012D54E-F361-49D3-91FE-848EBCD063AB}.Debug.ActiveCfg = Debug|.NET
		{E012D54E-F361-49D3-91FE-848EBCD063AB}.Debug.Build.0 = Debug|.NET
		{E012D54E-F361-49D3-91FE-848EBCD063AB}.Release.ActiveCfg = Release|.NET
		{E012D54E-F361-49D3-91FE-848EBCD063AB}.Release.Build.0 = Release|.NET
		{663357A3-FC3A-4E55-8CEB-711D81CF88DB}.Debug.ActiveCfg = Debug|.NET
		{663357A3-FC3A-4E55-8CEB-711D81CF88DB}.Debug.Build.0 = Debug|.NET
		{663357A3-FC3A-4E55-8CEB-711D81CF88DB}.Release.ActiveCfg = Release|.NET
		{663357A3-FC3A-4E55-8CEB-711D81CF88DB}.Release.Build.0 = Release|.NET
	EndGlobalSection
	GlobalSection(ExtensibilityGlobals) = postSolution
	EndGlobalSection
	GlobalSection(ExtensibilityAddIns) = postSolution
	EndGlobalSection
EndGlobal
