Microsoft Visual Studio Solution File, Format Version 9.00
# Visual Studio 2005
Project("{FAE04EC0-301F-11D3-BF4B-00C04F79EFBC}") = "ECGTool-2K5", "ECGTool-2K5.csproj", "{E2D25A92-0F1D-4FB3-88DA-B5B5B1378D7E}"
EndProject
Project("{FAE04EC0-301F-11D3-BF4B-00C04F79EFBC}") = "ECGConversion-2K5", "..\..\libs\ECGConversion\ECGConversion\ECGConversion-2K5.csproj", "{663357A3-FC3A-4E55-8CEB-711D81CF88DB}"
EndProject
Global
	GlobalSection(SolutionConfigurationPlatforms) = preSolution
		Debug-2K5|Any CPU = Debug-2K5|Any CPU
		Release-2K5|Any CPU = Release-2K5|Any CPU
	EndGlobalSection
	GlobalSection(ProjectConfigurationPlatforms) = postSolution
		{E2D25A92-0F1D-4FB3-88DA-B5B5B1378D7E}.Debug-2K5|Any CPU.ActiveCfg = Debug-2K5|Any CPU
		{E2D25A92-0F1D-4FB3-88DA-B5B5B1378D7E}.Debug-2K5|Any CPU.Build.0 = Debug-2K5|Any CPU
		{E2D25A92-0F1D-4FB3-88DA-B5B5B1378D7E}.Release-2K5|Any CPU.ActiveCfg = Release-2K5|Any CPU
		{E2D25A92-0F1D-4FB3-88DA-B5B5B1378D7E}.Release-2K5|Any CPU.Build.0 = Release-2K5|Any CPU
		{663357A3-FC3A-4E55-8CEB-711D81CF88DB}.Debug-2K5|Any CPU.ActiveCfg = Debug-2K5|Any CPU
		{663357A3-FC3A-4E55-8CEB-711D81CF88DB}.Debug-2K5|Any CPU.Build.0 = Debug-2K5|Any CPU
		{663357A3-FC3A-4E55-8CEB-711D81CF88DB}.Release-2K5|Any CPU.ActiveCfg = Release-2K5|Any CPU
		{663357A3-FC3A-4E55-8CEB-711D81CF88DB}.Release-2K5|Any CPU.Build.0 = Release-2K5|Any CPU
	EndGlobalSection
	GlobalSection(SolutionProperties) = preSolution
		HideSolutionNode = FALSE
	EndGlobalSection
EndGlobal
