Microsoft Visual Studio Solution File, Format Version 8.00
Project("{20D4826A-C6FA-45DB-90F4-C717570B9F32}") = "ECGConversion-CE", "ECGConversion\ECGConversion-CE.csdproj", "{1643B579-4920-4F1B-B06F-0B828A98B8DD}"
	ProjectSection(ProjectDependencies) = postProject
	EndProjectSection
EndProject
Project("{20D4826A-C6FA-45DB-90F4-C717570B9F32}") = "aECG-CE", "aECG\aECG-CE.csdproj", "{F98EB72E-9AF7-4F29-AB79-087BCB0492FF}"
	ProjectSection(ProjectDependencies) = postProject
	EndProjectSection
EndProject
Global
	GlobalSection(SolutionConfiguration) = preSolution
		Debug-CE = Debug-CE
		Release-CE = Release-CE
	EndGlobalSection
	GlobalSection(ProjectConfiguration) = postSolution
		{1643B579-4920-4F1B-B06F-0B828A98B8DD}.Debug-CE.ActiveCfg = Debug-CE|Windows CE
		{1643B579-4920-4F1B-B06F-0B828A98B8DD}.Debug-CE.Build.0 = Debug-CE|Windows CE
		{1643B579-4920-4F1B-B06F-0B828A98B8DD}.Debug-CE.Deploy.0 = Debug-CE|Windows CE
		{1643B579-4920-4F1B-B06F-0B828A98B8DD}.Release-CE.ActiveCfg = Release-CE|Windows CE
		{1643B579-4920-4F1B-B06F-0B828A98B8DD}.Release-CE.Build.0 = Release-CE|Windows CE
		{1643B579-4920-4F1B-B06F-0B828A98B8DD}.Release-CE.Deploy.0 = Release-CE|Windows CE
		{F98EB72E-9AF7-4F29-AB79-087BCB0492FF}.Debug-CE.ActiveCfg = Debug-CE|Windows CE
		{F98EB72E-9AF7-4F29-AB79-087BCB0492FF}.Debug-CE.Build.0 = Debug-CE|Windows CE
		{F98EB72E-9AF7-4F29-AB79-087BCB0492FF}.Debug-CE.Deploy.0 = Debug-CE|Windows CE
		{F98EB72E-9AF7-4F29-AB79-087BCB0492FF}.Release-CE.ActiveCfg = Release-CE|Windows CE
		{F98EB72E-9AF7-4F29-AB79-087BCB0492FF}.Release-CE.Build.0 = Release-CE|Windows CE
		{F98EB72E-9AF7-4F29-AB79-087BCB0492FF}.Release-CE.Deploy.0 = Release-CE|Windows CE
	EndGlobalSection
	GlobalSection(ExtensibilityGlobals) = postSolution
	EndGlobalSection
	GlobalSection(ExtensibilityAddIns) = postSolution
	EndGlobalSection
EndGlobal
